
Microsoft Visual Studio Solution File, Format Version 12.00
# Visual Studio Version 18
VisualStudioVersion = 18.10.12217.157 stable
MinimumVisualStudioVersion = 10.0.40219.1
Project("{FAE04EC0-301F-11D3-BF4B-00C04F79EFBC}") = "MarkPad", "src\MarkPad\MarkPad.csproj", "{7F7BE564-5A3F-4D5F-A0D0-0128C72A1E01}"
EndProject
Project("{2150E333-8FDC-42A3-9474-1A3956D46DE8}") = "tests", "tests", "{0AB3BF05-4346-4AA6-1389-037BE0695223}"
EndProject
Project("{FAE04EC0-301F-11D3-BF4B-00C04F79EFBC}") = "MarkPad.Tests", "tests\MarkPad.Tests\MarkPad.Tests.csproj", "{A29B1B86-8FE0-45B4-AF56-95B75E41A85E}"
EndProject
Project("{2150E333-8FDC-42A3-9474-1A3956D46DE8}") = "src", "src", "{827E0CD3-B72D-47B6-A68D-7590B98EB39B}"
EndProject
Project("{FAE04EC0-301F-11D3-BF4B-00C04F79EFBC}") = "CabiDock", "src\CabiDock\CabiDock.csproj", "{C6052BA5-4BD7-40B4-BC4D-7AE516D5F0DB}"
EndProject
Project("{FAE04EC0-301F-11D3-BF4B-00C04F79EFBC}") = "CabiDock.Tests", "tests\CabiDock.Tests\CabiDock.Tests.csproj", "{E95BFA49-2C0A-4581-ADA3-4E805FC34F5F}"
EndProject
Global
	GlobalSection(SolutionConfigurationPlatforms) = preSolution
		Debug|Any CPU = Debug|Any CPU
		Debug|x64 = Debug|x64
		Debug|x86 = Debug|x86
		Release|Any CPU = Release|Any CPU
		Release|x64 = Release|x64
		Release|x86 = Release|x86
	EndGlobalSection
	GlobalSection(ProjectConfigurationPlatforms) = postSolution
		{7F7BE564-5A3F-4D5F-A0D0-0128C72A1E01}.Debug|Any CPU.ActiveCfg = Debug|Any CPU
		{7F7BE564-5A3F-4D5F-A0D0-0128C72A1E01}.Debug|Any CPU.Build.0 = Debug|Any CPU
		{7F7BE564-5A3F-4D5F-A0D0-0128C72A1E01}.Debug|x64.ActiveCfg = Debug|x64
		{7F7BE564-5A3F-4D5F-A0D0-0128C72A1E01}.Debug|x64.Build.0 = Debug|x64
		{7F7BE564-5A3F-4D5F-A0D0-0128C72A1E01}.Debug|x86.ActiveCfg = Debug|x86
		{7F7BE564-5A3F-4D5F-A0D0-0128C72A1E01}.Debug|x86.Build.0 = Debug|x86
		{7F7BE564-5A3F-4D5F-A0D0-0128C72A1E01}.Release|Any CPU.ActiveCfg = Release|Any CPU
		{7F7BE564-5A3F-4D5F-A0D0-0128C72A1E01}.Release|Any CPU.Build.0 = Release|Any CPU
		{7F7BE564-5A3F-4D5F-A0D0-0128C72A1E01}.Release|x64.ActiveCfg = Release|x64
		{7F7BE564-5A3F-4D5F-A0D0-0128C72A1E01}.Release|x64.Build.0 = Release|x64
		{7F7BE564-5A3F-4D5F-A0D0-0128C72A1E01}.Release|x86.ActiveCfg = Release|x86
		{7F7BE564-5A3F-4D5F-A0D0-0128C72A1E01}.Release|x86.Build.0 = Release|x86
		{A29B1B86-8FE0-45B4-AF56-95B75E41A85E}.Debug|Any CPU.ActiveCfg = Debug|Any CPU
		{A29B1B86-8FE0-45B4-AF56-95B75E41A85E}.Debug|Any CPU.Build.0 = Debug|Any CPU
		{A29B1B86-8FE0-45B4-AF56-95B75E41A85E}.Debug|x64.ActiveCfg = Debug|Any CPU
		{A29B1B86-8FE0-45B4-AF56-95B75E41A85E}.Debug|x64.Build.0 = Debug|Any CPU
		{A29B1B86-8FE0-45B4-AF56-95B75E41A85E}.Debug|x86.ActiveCfg = Debug|Any CPU
		{A29B1B86-8FE0-45B4-AF56-95B75E41A85E}.Debug|x86.Build.0 = Debug|Any CPU
		{A29B1B86-8FE0-45B4-AF56-95B75E41A85E}.Release|Any CPU.ActiveCfg = Release|Any CPU
		{A29B1B86-8FE0-45B4-AF56-95B75E41A85E}.Release|Any CPU.Build.0 = Release|Any CPU
		{A29B1B86-8FE0-45B4-AF56-95B75E41A85E}.Release|x64.ActiveCfg = Release|Any CPU
		{A29B1B86-8FE0-45B4-AF56-95B75E41A85E}.Release|x64.Build.0 = Release|Any CPU
		{A29B1B86-8FE0-45B4-AF56-95B75E41A85E}.Release|x86.ActiveCfg = Release|Any CPU
		{A29B1B86-8FE0-45B4-AF56-95B75E41A85E}.Release|x86.Build.0 = Release|Any CPU
		{C6052BA5-4BD7-40B4-BC4D-7AE516D5F0DB}.Debug|Any CPU.ActiveCfg = Debug|Any CPU
		{C6052BA5-4BD7-40B4-BC4D-7AE516D5F0DB}.Debug|Any CPU.Build.0 = Debug|Any CPU
		{C6052BA5-4BD7-40B4-BC4D-7AE516D5F0DB}.Debug|x64.ActiveCfg = Debug|Any CPU
		{C6052BA5-4BD7-40B4-BC4D-7AE516D5F0DB}.Debug|x64.Build.0 = Debug|Any CPU
		{C6052BA5-4BD7-40B4-BC4D-7AE516D5F0DB}.Debug|x86.ActiveCfg = Debug|Any CPU
		{C6052BA5-4BD7-40B4-BC4D-7AE516D5F0DB}.Debug|x86.Build.0 = Debug|Any CPU
		{C6052BA5-4BD7-40B4-BC4D-7AE516D5F0DB}.Release|Any CPU.ActiveCfg = Release|Any CPU
		{C6052BA5-4BD7-40B4-BC4D-7AE516D5F0DB}.Release|Any CPU.Build.0 = Release|Any CPU
		{C6052BA5-4BD7-40B4-BC4D-7AE516D5F0DB}.Release|x64.ActiveCfg = Release|Any CPU
		{C6052BA5-4BD7-40B4-BC4D-7AE516D5F0DB}.Release|x64.Build.0 = Release|Any CPU
		{C6052BA5-4BD7-40B4-BC4D-7AE516D5F0DB}.Release|x86.ActiveCfg = Release|Any CPU
		{C6052BA5-4BD7-40B4-BC4D-7AE516D5F0DB}.Release|x86.Build.0 = Release|Any CPU
		{E95BFA49-2C0A-4581-ADA3-4E805FC34F5F}.Debug|Any CPU.ActiveCfg = Debug|Any CPU
		{E95BFA49-2C0A-4581-ADA3-4E805FC34F5F}.Debug|Any CPU.Build.0 = Debug|Any CPU
		{E95BFA49-2C0A-4581-ADA3-4E805FC34F5F}.Debug|x64.ActiveCfg = Debug|Any CPU
		{E95BFA49-2C0A-4581-ADA3-4E805FC34F5F}.Debug|x64.Build.0 = Debug|Any CPU
		{E95BFA49-2C0A-4581-ADA3-4E805FC34F5F}.Debug|x86.ActiveCfg = Debug|Any CPU
		{E95BFA49-2C0A-4581-ADA3-4E805FC34F5F}.Debug|x86.Build.0 = Debug|Any CPU
		{E95BFA49-2C0A-4581-ADA3-4E805FC34F5F}.Release|Any CPU.ActiveCfg = Release|Any CPU
		{E95BFA49-2C0A-4581-ADA3-4E805FC34F5F}.Release|Any CPU.Build.0 = Release|Any CPU
		{E95BFA49-2C0A-4581-ADA3-4E805FC34F5F}.Release|x64.ActiveCfg = Release|Any CPU
		{E95BFA49-2C0A-4581-ADA3-4E805FC34F5F}.Release|x64.Build.0 = Release|Any CPU
		{E95BFA49-2C0A-4581-ADA3-4E805FC34F5F}.Release|x86.ActiveCfg = Release|Any CPU
		{E95BFA49-2C0A-4581-ADA3-4E805FC34F5F}.Release|x86.Build.0 = Release|Any CPU
	EndGlobalSection
	GlobalSection(SolutionProperties) = preSolution
		HideSolutionNode = FALSE
	EndGlobalSection
	GlobalSection(NestedProjects) = preSolution
		{7F7BE564-5A3F-4D5F-A0D0-0128C72A1E01} = {827E0CD3-B72D-47B6-A68D-7590B98EB39B}
		{A29B1B86-8FE0-45B4-AF56-95B75E41A85E} = {0AB3BF05-4346-4AA6-1389-037BE0695223}
		{C6052BA5-4BD7-40B4-BC4D-7AE516D5F0DB} = {827E0CD3-B72D-47B6-A68D-7590B98EB39B}
		{E95BFA49-2C0A-4581-ADA3-4E805FC34F5F} = {0AB3BF05-4346-4AA6-1389-037BE0695223}
	EndGlobalSection
EndGlobal
