
Microsoft Visual Studio Solution File, Format Version 12.00
# Visual Studio Version 18
VisualStudioVersion = 18.10.12217.157
MinimumVisualStudioVersion = 10.0.40219.1
Project("{FAE04EC0-301F-11D3-BF4B-00C04F79EFBC}") = "MarkPad", "src\MarkPad\MarkPad.csproj", "{7F7BE564-5A3F-4D5F-A0D0-0128C72A1E01}"
EndProject
Project("{2150E333-8FDC-42A3-9474-1A3956D46DE8}") = "tests", "tests", "{0AB3BF05-4346-4AA6-1389-037BE0695223}"
EndProject
Project("{FAE04EC0-301F-11D3-BF4B-00C04F79EFBC}") = "MarkPad.Tests", "tests\MarkPad.Tests\MarkPad.Tests.csproj", "{A29B1B86-8FE0-45B4-AF56-95B75E41A85E}"
EndProject
Project("{2150E333-8FDC-42A3-9474-1A3956D46DE8}") = "src", "src", "{827E0CD3-B72D-47B6-A68D-7590B98EB39B}"
EndProject
Project("{FAE04EC0-301F-11D3-BF4B-00C04F79EFBC}") = "CabiDock.Tests", "tests\CabiDock.Tests\CabiDock.Tests.csproj", "{E95BFA49-2C0A-4581-ADA3-4E805FC34F5F}"
EndProject
Project("{FAE04EC0-301F-11D3-BF4B-00C04F79EFBC}") = "ConvAnvil", "src\ConvAnvil\ConvAnvil.csproj", "{14D04E21-1BC6-4ABA-9EC2-D973B747F171}"
EndProject
Project("{FAE04EC0-301F-11D3-BF4B-00C04F79EFBC}") = "ConvAnvil.Tests", "tests\ConvAnvil.Tests\ConvAnvil.Tests.csproj", "{1EC7929D-9528-4736-8F0B-F95909FD7889}"
EndProject
Project("{FAE04EC0-301F-11D3-BF4B-00C04F79EFBC}") = "ToolKeeper", "src\ToolKeeper\ToolKeeper.csproj", "{D0F3097B-C6E6-49AF-B9C7-AC14690BF0AC}"
EndProject
Project("{FAE04EC0-301F-11D3-BF4B-00C04F79EFBC}") = "ToolKeeper.Tests", "tests\ToolKeeper.Tests\ToolKeeper.Tests.csproj", "{07817B68-94FD-4E04-8093-1EED9A6765D9}"
EndProject
Project("{FAE04EC0-301F-11D3-BF4B-00C04F79EFBC}") = "ToolKeeper.UI", "src\ToolKeeper.UI\ToolKeeper.UI.csproj", "{DF507783-E016-471C-8726-463502CE6C31}"
EndProject
Project("{FAE04EC0-301F-11D3-BF4B-00C04F79EFBC}") = "ToolKeeper.UI.Tests", "tests\ToolKeeper.UI.Tests\ToolKeeper.UI.Tests.csproj", "{29A4EF04-1165-4002-B751-94F09F0EF105}"
EndProject
Project("{FAE04EC0-301F-11D3-BF4B-00C04F79EFBC}") = "ToolKeeper.Desktop", "src\ToolKeeper.Desktop\ToolKeeper.Desktop.csproj", "{FC48A327-D136-4FD1-8C97-9BDD1FB4C32A}"
EndProject
Project("{FAE04EC0-301F-11D3-BF4B-00C04F79EFBC}") = "TransLamp", "src\TransLamp\TransLamp.csproj", "{366DFB1D-A235-4704-A556-F2138AD11805}"
EndProject
Project("{FAE04EC0-301F-11D3-BF4B-00C04F79EFBC}") = "TransLamp.Tests", "tests\TransLamp.Tests\TransLamp.Tests.csproj", "{CE066B41-54BD-44C0-9C4A-FD9897BA7B40}"
EndProject
Project("{FAE04EC0-301F-11D3-BF4B-00C04F79EFBC}") = "HistoLens", "src\HistoLens\HistoLens.csproj", "{C7944412-47E7-4120-92CB-0A1E80A70DE1}"
EndProject
Project("{FAE04EC0-301F-11D3-BF4B-00C04F79EFBC}") = "HistoLens.Tests", "tests\HistoLens.Tests\HistoLens.Tests.csproj", "{007231F9-9D4F-427F-8B1A-1BD5C5C0C8E4}"
EndProject
Global
	GlobalSection(SolutionConfigurationPlatforms) = preSolution
		Debug|Any CPU = Debug|Any CPU
		Debug|x64 = Debug|x64
		Debug|x86 = Debug|x86
		Release|Any CPU = Release|Any CPU
		Release|x64 = Release|x64
		Release|x86 = Release|x86
	EndGlobalSection
	GlobalSection(ProjectConfigurationPlatforms) = postSolution
		{7F7BE564-5A3F-4D5F-A0D0-0128C72A1E01}.Debug|Any CPU.ActiveCfg = Debug|Any CPU
		{7F7BE564-5A3F-4D5F-A0D0-0128C72A1E01}.Debug|Any CPU.Build.0 = Debug|Any CPU
		{7F7BE564-5A3F-4D5F-A0D0-0128C72A1E01}.Debug|x64.ActiveCfg = Debug|x64
		{7F7BE564-5A3F-4D5F-A0D0-0128C72A1E01}.Debug|x64.Build.0 = Debug|x64
		{7F7BE564-5A3F-4D5F-A0D0-0128C72A1E01}.Debug|x86.ActiveCfg = Debug|x86
		{7F7BE564-5A3F-4D5F-A0D0-0128C72A1E01}.Debug|x86.Build.0 = Debug|x86
		{7F7BE564-5A3F-4D5F-A0D0-0128C72A1E01}.Release|Any CPU.ActiveCfg = Release|Any CPU
		{7F7BE564-5A3F-4D5F-A0D0-0128C72A1E01}.Release|Any CPU.Build.0 = Release|Any CPU
		{7F7BE564-5A3F-4D5F-A0D0-0128C72A1E01}.Release|x64.ActiveCfg = Release|x64
		{7F7BE564-5A3F-4D5F-A0D0-0128C72A1E01}.Release|x64.Build.0 = Release|x64
		{7F7BE564-5A3F-4D5F-A0D0-0128C72A1E01}.Release|x86.ActiveCfg = Release|x86
		{7F7BE564-5A3F-4D5F-A0D0-0128C72A1E01}.Release|x86.Build.0 = Release|x86
		{A29B1B86-8FE0-45B4-AF56-95B75E41A85E}.Debug|Any CPU.ActiveCfg = Debug|Any CPU
		{A29B1B86-8FE0-45B4-AF56-95B75E41A85E}.Debug|Any CPU.Build.0 = Debug|Any CPU
		{A29B1B86-8FE0-45B4-AF56-95B75E41A85E}.Debug|x64.ActiveCfg = Debug|Any CPU
		{A29B1B86-8FE0-45B4-AF56-95B75E41A85E}.Debug|x64.Build.0 = Debug|Any CPU
		{A29B1B86-8FE0-45B4-AF56-95B75E41A85E}.Debug|x86.ActiveCfg = Debug|Any CPU
		{A29B1B86-8FE0-45B4-AF56-95B75E41A85E}.Debug|x86.Build.0 = Debug|Any CPU
		{A29B1B86-8FE0-45B4-AF56-95B75E41A85E}.Release|Any CPU.ActiveCfg = Release|Any CPU
		{A29B1B86-8FE0-45B4-AF56-95B75E41A85E}.Release|Any CPU.Build.0 = Release|Any CPU
		{A29B1B86-8FE0-45B4-AF56-95B75E41A85E}.Release|x64.ActiveCfg = Release|Any CPU
		{A29B1B86-8FE0-45B4-AF56-95B75E41A85E}.Release|x64.Build.0 = Release|Any CPU
		{A29B1B86-8FE0-45B4-AF56-95B75E41A85E}.Release|x86.ActiveCfg = Release|Any CPU
		{A29B1B86-8FE0-45B4-AF56-95B75E41A85E}.Release|x86.Build.0 = Release|Any CPU
		{E95BFA49-2C0A-4581-ADA3-4E805FC34F5F}.Debug|Any CPU.ActiveCfg = Debug|Any CPU
		{E95BFA49-2C0A-4581-ADA3-4E805FC34F5F}.Debug|Any CPU.Build.0 = Debug|Any CPU
		{E95BFA49-2C0A-4581-ADA3-4E805FC34F5F}.Debug|x64.ActiveCfg = Debug|Any CPU
		{E95BFA49-2C0A-4581-ADA3-4E805FC34F5F}.Debug|x64.Build.0 = Debug|Any CPU
		{E95BFA49-2C0A-4581-ADA3-4E805FC34F5F}.Debug|x86.ActiveCfg = Debug|Any CPU
		{E95BFA49-2C0A-4581-ADA3-4E805FC34F5F}.Debug|x86.Build.0 = Debug|Any CPU
		{E95BFA49-2C0A-4581-ADA3-4E805FC34F5F}.Release|Any CPU.ActiveCfg = Release|Any CPU
		{E95BFA49-2C0A-4581-ADA3-4E805FC34F5F}.Release|Any CPU.Build.0 = Release|Any CPU
		{E95BFA49-2C0A-4581-ADA3-4E805FC34F5F}.Release|x64.ActiveCfg = Release|Any CPU
		{E95BFA49-2C0A-4581-ADA3-4E805FC34F5F}.Release|x64.Build.0 = Release|Any CPU
		{E95BFA49-2C0A-4581-ADA3-4E805FC34F5F}.Release|x86.ActiveCfg = Release|Any CPU
		{E95BFA49-2C0A-4581-ADA3-4E805FC34F5F}.Release|x86.Build.0 = Release|Any CPU
		{14D04E21-1BC6-4ABA-9EC2-D973B747F171}.Debug|Any CPU.ActiveCfg = Debug|Any CPU
		{14D04E21-1BC6-4ABA-9EC2-D973B747F171}.Debug|Any CPU.Build.0 = Debug|Any CPU
		{14D04E21-1BC6-4ABA-9EC2-D973B747F171}.Debug|x64.ActiveCfg = Debug|Any CPU
		{14D04E21-1BC6-4ABA-9EC2-D973B747F171}.Debug|x64.Build.0 = Debug|Any CPU
		{14D04E21-1BC6-4ABA-9EC2-D973B747F171}.Debug|x86.ActiveCfg = Debug|Any CPU
		{14D04E21-1BC6-4ABA-9EC2-D973B747F171}.Debug|x86.Build.0 = Debug|Any CPU
		{14D04E21-1BC6-4ABA-9EC2-D973B747F171}.Release|Any CPU.ActiveCfg = Release|Any CPU
		{14D04E21-1BC6-4ABA-9EC2-D973B747F171}.Release|Any CPU.Build.0 = Release|Any CPU
		{14D04E21-1BC6-4ABA-9EC2-D973B747F171}.Release|x64.ActiveCfg = Release|Any CPU
		{14D04E21-1BC6-4ABA-9EC2-D973B747F171}.Release|x64.Build.0 = Release|Any CPU
		{14D04E21-1BC6-4ABA-9EC2-D973B747F171}.Release|x86.ActiveCfg = Release|Any CPU
		{14D04E21-1BC6-4ABA-9EC2-D973B747F171}.Release|x86.Build.0 = Release|Any CPU
		{1EC7929D-9528-4736-8F0B-F95909FD7889}.Debug|Any CPU.ActiveCfg = Debug|Any CPU
		{1EC7929D-9528-4736-8F0B-F95909FD7889}.Debug|Any CPU.Build.0 = Debug|Any CPU
		{1EC7929D-9528-4736-8F0B-F95909FD7889}.Debug|x64.ActiveCfg = Debug|Any CPU
		{1EC7929D-9528-4736-8F0B-F95909FD7889}.Debug|x64.Build.0 = Debug|Any CPU
		{1EC7929D-9528-4736-8F0B-F95909FD7889}.Debug|x86.ActiveCfg = Debug|Any CPU
		{1EC7929D-9528-4736-8F0B-F95909FD7889}.Debug|x86.Build.0 = Debug|Any CPU
		{1EC7929D-9528-4736-8F0B-F95909FD7889}.Release|Any CPU.ActiveCfg = Release|Any CPU
		{1EC7929D-9528-4736-8F0B-F95909FD7889}.Release|Any CPU.Build.0 = Release|Any CPU
		{1EC7929D-9528-4736-8F0B-F95909FD7889}.Release|x64.ActiveCfg = Release|Any CPU
		{1EC7929D-9528-4736-8F0B-F95909FD7889}.Release|x64.Build.0 = Release|Any CPU
		{1EC7929D-9528-4736-8F0B-F95909FD7889}.Release|x86.ActiveCfg = Release|Any CPU
		{1EC7929D-9528-4736-8F0B-F95909FD7889}.Release|x86.Build.0 = Release|Any CPU
		{D0F3097B-C6E6-49AF-B9C7-AC14690BF0AC}.Debug|Any CPU.ActiveCfg = Debug|Any CPU
		{D0F3097B-C6E6-49AF-B9C7-AC14690BF0AC}.Debug|Any CPU.Build.0 = Debug|Any CPU
		{D0F3097B-C6E6-49AF-B9C7-AC14690BF0AC}.Debug|x64.ActiveCfg = Debug|Any CPU
		{D0F3097B-C6E6-49AF-B9C7-AC14690BF0AC}.Debug|x64.Build.0 = Debug|Any CPU
		{D0F3097B-C6E6-49AF-B9C7-AC14690BF0AC}.Debug|x86.ActiveCfg = Debug|Any CPU
		{D0F3097B-C6E6-49AF-B9C7-AC14690BF0AC}.Debug|x86.Build.0 = Debug|Any CPU
		{D0F3097B-C6E6-49AF-B9C7-AC14690BF0AC}.Release|Any CPU.ActiveCfg = Release|Any CPU
		{D0F3097B-C6E6-49AF-B9C7-AC14690BF0AC}.Release|Any CPU.Build.0 = Release|Any CPU
		{D0F3097B-C6E6-49AF-B9C7-AC14690BF0AC}.Release|x64.ActiveCfg = Release|Any CPU
		{D0F3097B-C6E6-49AF-B9C7-AC14690BF0AC}.Release|x64.Build.0 = Release|Any CPU
		{D0F3097B-C6E6-49AF-B9C7-AC14690BF0AC}.Release|x86.ActiveCfg = Release|Any CPU
		{D0F3097B-C6E6-49AF-B9C7-AC14690BF0AC}.Release|x86.Build.0 = Release|Any CPU
		{07817B68-94FD-4E04-8093-1EED9A6765D9}.Debug|Any CPU.ActiveCfg = Debug|Any CPU
		{07817B68-94FD-4E04-8093-1EED9A6765D9}.Debug|Any CPU.Build.0 = Debug|Any CPU
		{07817B68-94FD-4E04-8093-1EED9A6765D9}.Debug|x64.ActiveCfg = Debug|Any CPU
		{07817B68-94FD-4E04-8093-1EED9A6765D9}.Debug|x64.Build.0 = Debug|Any CPU
		{07817B68-94FD-4E04-8093-1EED9A6765D9}.Debug|x86.ActiveCfg = Debug|Any CPU
		{07817B68-94FD-4E04-8093-1EED9A6765D9}.Debug|x86.Build.0 = Debug|Any CPU
		{07817B68-94FD-4E04-8093-1EED9A6765D9}.Release|Any CPU.ActiveCfg = Release|Any CPU
		{07817B68-94FD-4E04-8093-1EED9A6765D9}.Release|Any CPU.Build.0 = Release|Any CPU
		{07817B68-94FD-4E04-8093-1EED9A6765D9}.Release|x64.ActiveCfg = Release|Any CPU
		{07817B68-94FD-4E04-8093-1EED9A6765D9}.Release|x64.Build.0 = Release|Any CPU
		{07817B68-94FD-4E04-8093-1EED9A6765D9}.Release|x86.ActiveCfg = Release|Any CPU
		{07817B68-94FD-4E04-8093-1EED9A6765D9}.Release|x86.Build.0 = Release|Any CPU
		{DF507783-E016-471C-8726-463502CE6C31}.Debug|Any CPU.ActiveCfg = Debug|Any CPU
		{DF507783-E016-471C-8726-463502CE6C31}.Debug|Any CPU.Build.0 = Debug|Any CPU
		{DF507783-E016-471C-8726-463502CE6C31}.Debug|x64.ActiveCfg = Debug|Any CPU
		{DF507783-E016-471C-8726-463502CE6C31}.Debug|x64.Build.0 = Debug|Any CPU
		{DF507783-E016-471C-8726-463502CE6C31}.Debug|x86.ActiveCfg = Debug|Any CPU
		{DF507783-E016-471C-8726-463502CE6C31}.Debug|x86.Build.0 = Debug|Any CPU
		{DF507783-E016-471C-8726-463502CE6C31}.Release|Any CPU.ActiveCfg = Release|Any CPU
		{DF507783-E016-471C-8726-463502CE6C31}.Release|Any CPU.Build.0 = Release|Any CPU
		{DF507783-E016-471C-8726-463502CE6C31}.Release|x64.ActiveCfg = Release|Any CPU
		{DF507783-E016-471C-8726-463502CE6C31}.Release|x64.Build.0 = Release|Any CPU
		{DF507783-E016-471C-8726-463502CE6C31}.Release|x86.ActiveCfg = Release|Any CPU
		{DF507783-E016-471C-8726-463502CE6C31}.Release|x86.Build.0 = Release|Any CPU
		{29A4EF04-1165-4002-B751-94F09F0EF105}.Debug|Any CPU.ActiveCfg = Debug|Any CPU
		{29A4EF04-1165-4002-B751-94F09F0EF105}.Debug|Any CPU.Build.0 = Debug|Any CPU
		{29A4EF04-1165-4002-B751-94F09F0EF105}.Debug|x64.ActiveCfg = Debug|Any CPU
		{29A4EF04-1165-4002-B751-94F09F0EF105}.Debug|x64.Build.0 = Debug|Any CPU
		{29A4EF04-1165-4002-B751-94F09F0EF105}.Debug|x86.ActiveCfg = Debug|Any CPU
		{29A4EF04-1165-4002-B751-94F09F0EF105}.Debug|x86.Build.0 = Debug|Any CPU
		{29A4EF04-1165-4002-B751-94F09F0EF105}.Release|Any CPU.ActiveCfg = Release|Any CPU
		{29A4EF04-1165-4002-B751-94F09F0EF105}.Release|Any CPU.Build.0 = Release|Any CPU
		{29A4EF04-1165-4002-B751-94F09F0EF105}.Release|x64.ActiveCfg = Release|Any CPU
		{29A4EF04-1165-4002-B751-94F09F0EF105}.Release|x64.Build.0 = Release|Any CPU
		{29A4EF04-1165-4002-B751-94F09F0EF105}.Release|x86.ActiveCfg = Release|Any CPU
		{29A4EF04-1165-4002-B751-94F09F0EF105}.Release|x86.Build.0 = Release|Any CPU
		{FC48A327-D136-4FD1-8C97-9BDD1FB4C32A}.Debug|Any CPU.ActiveCfg = Debug|Any CPU
		{FC48A327-D136-4FD1-8C97-9BDD1FB4C32A}.Debug|Any CPU.Build.0 = Debug|Any CPU
		{FC48A327-D136-4FD1-8C97-9BDD1FB4C32A}.Debug|x64.ActiveCfg = Debug|Any CPU
		{FC48A327-D136-4FD1-8C97-9BDD1FB4C32A}.Debug|x64.Build.0 = Debug|Any CPU
		{FC48A327-D136-4FD1-8C97-9BDD1FB4C32A}.Debug|x86.ActiveCfg = Debug|Any CPU
		{FC48A327-D136-4FD1-8C97-9BDD1FB4C32A}.Debug|x86.Build.0 = Debug|Any CPU
		{FC48A327-D136-4FD1-8C97-9BDD1FB4C32A}.Release|Any CPU.ActiveCfg = Release|Any CPU
		{FC48A327-D136-4FD1-8C97-9BDD1FB4C32A}.Release|Any CPU.Build.0 = Release|Any CPU
		{FC48A327-D136-4FD1-8C97-9BDD1FB4C32A}.Release|x64.ActiveCfg = Release|Any CPU
		{FC48A327-D136-4FD1-8C97-9BDD1FB4C32A}.Release|x64.Build.0 = Release|Any CPU
		{FC48A327-D136-4FD1-8C97-9BDD1FB4C32A}.Release|x86.ActiveCfg = Release|Any CPU
		{FC48A327-D136-4FD1-8C97-9BDD1FB4C32A}.Release|x86.Build.0 = Release|Any CPU
		{366DFB1D-A235-4704-A556-F2138AD11805}.Debug|Any CPU.ActiveCfg = Debug|Any CPU
		{366DFB1D-A235-4704-A556-F2138AD11805}.Debug|Any CPU.Build.0 = Debug|Any CPU
		{366DFB1D-A235-4704-A556-F2138AD11805}.Debug|x64.ActiveCfg = Debug|Any CPU
		{366DFB1D-A235-4704-A556-F2138AD11805}.Debug|x64.Build.0 = Debug|Any CPU
		{366DFB1D-A235-4704-A556-F2138AD11805}.Debug|x86.ActiveCfg = Debug|Any CPU
		{366DFB1D-A235-4704-A556-F2138AD11805}.Debug|x86.Build.0 = Debug|Any CPU
		{366DFB1D-A235-4704-A556-F2138AD11805}.Release|Any CPU.ActiveCfg = Release|Any CPU
		{366DFB1D-A235-4704-A556-F2138AD11805}.Release|Any CPU.Build.0 = Release|Any CPU
		{366DFB1D-A235-4704-A556-F2138AD11805}.Release|x64.ActiveCfg = Release|Any CPU
		{366DFB1D-A235-4704-A556-F2138AD11805}.Release|x64.Build.0 = Release|Any CPU
		{366DFB1D-A235-4704-A556-F2138AD11805}.Release|x86.ActiveCfg = Release|Any CPU
		{366DFB1D-A235-4704-A556-F2138AD11805}.Release|x86.Build.0 = Release|Any CPU
		{CE066B41-54BD-44C0-9C4A-FD9897BA7B40}.Debug|Any CPU.ActiveCfg = Debug|Any CPU
		{CE066B41-54BD-44C0-9C4A-FD9897BA7B40}.Debug|Any CPU.Build.0 = Debug|Any CPU
		{CE066B41-54BD-44C0-9C4A-FD9897BA7B40}.Debug|x64.ActiveCfg = Debug|Any CPU
		{CE066B41-54BD-44C0-9C4A-FD9897BA7B40}.Debug|x64.Build.0 = Debug|Any CPU
		{CE066B41-54BD-44C0-9C4A-FD9897BA7B40}.Debug|x86.ActiveCfg = Debug|Any CPU
		{CE066B41-54BD-44C0-9C4A-FD9897BA7B40}.Debug|x86.Build.0 = Debug|Any CPU
		{CE066B41-54BD-44C0-9C4A-FD9897BA7B40}.Release|Any CPU.ActiveCfg = Release|Any CPU
		{CE066B41-54BD-44C0-9C4A-FD9897BA7B40}.Release|Any CPU.Build.0 = Release|Any CPU
		{CE066B41-54BD-44C0-9C4A-FD9897BA7B40}.Release|x64.ActiveCfg = Release|Any CPU
		{CE066B41-54BD-44C0-9C4A-FD9897BA7B40}.Release|x64.Build.0 = Release|Any CPU
		{CE066B41-54BD-44C0-9C4A-FD9897BA7B40}.Release|x86.ActiveCfg = Release|Any CPU
		{CE066B41-54BD-44C0-9C4A-FD9897BA7B40}.Release|x86.Build.0 = Release|Any CPU
		{C7944412-47E7-4120-92CB-0A1E80A70DE1}.Debug|Any CPU.ActiveCfg = Debug|Any CPU
		{C7944412-47E7-4120-92CB-0A1E80A70DE1}.Debug|Any CPU.Build.0 = Debug|Any CPU
		{C7944412-47E7-4120-92CB-0A1E80A70DE1}.Debug|x64.ActiveCfg = Debug|Any CPU
		{C7944412-47E7-4120-92CB-0A1E80A70DE1}.Debug|x64.Build.0 = Debug|Any CPU
		{C7944412-47E7-4120-92CB-0A1E80A70DE1}.Debug|x86.ActiveCfg = Debug|Any CPU
		{C7944412-47E7-4120-92CB-0A1E80A70DE1}.Debug|x86.Build.0 = Debug|Any CPU
		{C7944412-47E7-4120-92CB-0A1E80A70DE1}.Release|Any CPU.ActiveCfg = Release|Any CPU
		{C7944412-47E7-4120-92CB-0A1E80A70DE1}.Release|Any CPU.Build.0 = Release|Any CPU
		{C7944412-47E7-4120-92CB-0A1E80A70DE1}.Release|x64.ActiveCfg = Release|Any CPU
		{C7944412-47E7-4120-92CB-0A1E80A70DE1}.Release|x64.Build.0 = Release|Any CPU
		{C7944412-47E7-4120-92CB-0A1E80A70DE1}.Release|x86.ActiveCfg = Release|Any CPU
		{C7944412-47E7-4120-92CB-0A1E80A70DE1}.Release|x86.Build.0 = Release|Any CPU
		{007231F9-9D4F-427F-8B1A-1BD5C5C0C8E4}.Debug|Any CPU.ActiveCfg = Debug|Any CPU
		{007231F9-9D4F-427F-8B1A-1BD5C5C0C8E4}.Debug|Any CPU.Build.0 = Debug|Any CPU
		{007231F9-9D4F-427F-8B1A-1BD5C5C0C8E4}.Debug|x64.ActiveCfg = Debug|Any CPU
		{007231F9-9D4F-427F-8B1A-1BD5C5C0C8E4}.Debug|x64.Build.0 = Debug|Any CPU
		{007231F9-9D4F-427F-8B1A-1BD5C5C0C8E4}.Debug|x86.ActiveCfg = Debug|Any CPU
		{007231F9-9D4F-427F-8B1A-1BD5C5C0C8E4}.Debug|x86.Build.0 = Debug|Any CPU
		{007231F9-9D4F-427F-8B1A-1BD5C5C0C8E4}.Release|Any CPU.ActiveCfg = Release|Any CPU
		{007231F9-9D4F-427F-8B1A-1BD5C5C0C8E4}.Release|Any CPU.Build.0 = Release|Any CPU
		{007231F9-9D4F-427F-8B1A-1BD5C5C0C8E4}.Release|x64.ActiveCfg = Release|Any CPU
		{007231F9-9D4F-427F-8B1A-1BD5C5C0C8E4}.Release|x64.Build.0 = Release|Any CPU
		{007231F9-9D4F-427F-8B1A-1BD5C5C0C8E4}.Release|x86.ActiveCfg = Release|Any CPU
		{007231F9-9D4F-427F-8B1A-1BD5C5C0C8E4}.Release|x86.Build.0 = Release|Any CPU
	EndGlobalSection
	GlobalSection(SolutionProperties) = preSolution
		HideSolutionNode = FALSE
	EndGlobalSection
	GlobalSection(NestedProjects) = preSolution
		{7F7BE564-5A3F-4D5F-A0D0-0128C72A1E01} = {827E0CD3-B72D-47B6-A68D-7590B98EB39B}
		{A29B1B86-8FE0-45B4-AF56-95B75E41A85E} = {0AB3BF05-4346-4AA6-1389-037BE0695223}
		{E95BFA49-2C0A-4581-ADA3-4E805FC34F5F} = {0AB3BF05-4346-4AA6-1389-037BE0695223}
		{14D04E21-1BC6-4ABA-9EC2-D973B747F171} = {827E0CD3-B72D-47B6-A68D-7590B98EB39B}
		{1EC7929D-9528-4736-8F0B-F95909FD7889} = {0AB3BF05-4346-4AA6-1389-037BE0695223}
		{D0F3097B-C6E6-49AF-B9C7-AC14690BF0AC} = {827E0CD3-B72D-47B6-A68D-7590B98EB39B}
		{07817B68-94FD-4E04-8093-1EED9A6765D9} = {0AB3BF05-4346-4AA6-1389-037BE0695223}
		{DF507783-E016-471C-8726-463502CE6C31} = {827E0CD3-B72D-47B6-A68D-7590B98EB39B}
		{29A4EF04-1165-4002-B751-94F09F0EF105} = {0AB3BF05-4346-4AA6-1389-037BE0695223}
		{FC48A327-D136-4FD1-8C97-9BDD1FB4C32A} = {827E0CD3-B72D-47B6-A68D-7590B98EB39B}
		{366DFB1D-A235-4704-A556-F2138AD11805} = {827E0CD3-B72D-47B6-A68D-7590B98EB39B}
		{CE066B41-54BD-44C0-9C4A-FD9897BA7B40} = {0AB3BF05-4346-4AA6-1389-037BE0695223}
		{C7944412-47E7-4120-92CB-0A1E80A70DE1} = {827E0CD3-B72D-47B6-A68D-7590B98EB39B}
		{007231F9-9D4F-427F-8B1A-1BD5C5C0C8E4} = {0AB3BF05-4346-4AA6-1389-037BE0695223}
	EndGlobalSection
EndGlobal
